# This file is autogenerated, do not edit; changes may be undone by the next 'dep ensure'.


[[projects]]
  name = "github.com/gocraft/web"
  packages = ["."]
  revision = "0973dfd3866277297f7caed311af67cc4ca1126e"
  version = "v1.1"

[solve-meta]
  analyzer-name = "dep"
  analyzer-version = 1
  inputs-digest = "1a53cb43b78be99bdf18f3d16904013122306009d26cfa06b02b55503b5a2c40"
  solver-name = "gps-cdcl"
  solver-version = 1
